<?xml version="1.0" encoding="utf-8"?>
<Project ToolsVersion="4.0" xmlns="http://schemas.microsoft.com/developer/msbuild/2003">
  <ItemGroup>
    <ClCompile Include="Engine.cpp" />
    <ClCompile Include="mPlayScene.cpp">
      <Filter>Scene\PlayScene</Filter>
    </ClCompile>
    <ClCompile Include="mCameraScript.cpp">
      <Filter>Script\CameraScript</Filter>
    </ClCompile>
    <ClCompile Include="mMainMenuScene.cpp">
      <Filter>Scene\MainMenuScene</Filter>
    </ClCompile>
    <ClCompile Include="mSelectCharacterScene.cpp">
      <Filter>Scene\SelectCharacterScene</Filter>
    </ClCompile>
    <ClCompile Include="LoadScenes.h">
      <Filter>Load</Filter>
    </ClCompile>
    <ClCompile Include="mPlayer.cpp">
      <Filter>Objects\Player</Filter>
    </ClCompile>
    <ClCompile Include="mTile.cpp">
      <Filter>UI\Tile</Filter>
    </ClCompile>
    <ClCompile Include="mButton.cpp">
      <Filter>UI\Button</Filter>
    </ClCompile>
    <ClCompile Include="mMonster.cpp">
      <Filter>Objects\Monster</Filter>
    </ClCompile>
    <ClCompile Include="mBackground.cpp">
      <Filter>UI\Background</Filter>
    </ClCompile>
    <ClCompile Include="mPanel.cpp">
      <Filter>UI\Panel</Filter>
    </ClCompile>
    <ClCompile Include="mInvenItem.cpp">
      <Filter>Item\InvenItem</Filter>
    </ClCompile>
    <ClCompile Include="mFieldItem.cpp">
      <Filter>Item\FieldItem</Filter>
    </ClCompile>
    <ClCompile Include="mItem.cpp">
      <Filter>Item</Filter>
    </ClCompile>
    <ClCompile Include="mGridScript.cpp">
      <Filter>Script\GridScript</Filter>
    </ClCompile>
    <ClCompile Include="mInven.cpp">
      <Filter>UI\ItemPlaced\Inven</Filter>
    </ClCompile>
    <ClCompile Include="mSkillUp.cpp">
      <Filter>UI\Skill</Filter>
    </ClCompile>
    <ClCompile Include="mPlayerInfo.cpp" />
    <ClCompile Include="mInventory.cpp">
      <Filter>UI\ItemPlaced\Inventory</Filter>
    </ClCompile>
    <ClCompile Include="mItemScript.cpp">
      <Filter>Script\ItemScript</Filter>
    </ClCompile>
    <ClCompile Include="mPlayerScript.cpp">
      <Filter>Script\PlayerScript</Filter>
    </ClCompile>
    <ClCompile Include="mSkillButton.cpp">
      <Filter>UI\SkillButton</Filter>
    </ClCompile>
    <ClCompile Include="mBottomUI.cpp">
      <Filter>UI\ItemPlaced\BottomUI</Filter>
    </ClCompile>
    <ClCompile Include="mMonsterScript.cpp">
      <Filter>Script\MonsterScript</Filter>
    </ClCompile>
    <ClCompile Include="mUVUI.cpp">
      <Filter>UI\UVUI</Filter>
    </ClCompile>
    <ClCompile Include="mMoveAbleObject.cpp">
      <Filter>Objects\MoveAbleObject</Filter>
    </ClCompile>
    <ClCompile Include="mTileScript.cpp">
      <Filter>Script\TileScript</Filter>
    </ClCompile>
    <ClCompile Include="mSkill.cpp">
      <Filter>Skill</Filter>
    </ClCompile>
    <ClCompile Include="mSkillShortCutButton.cpp">
      <Filter>UI\SkillShortCutButton</Filter>
    </ClCompile>
  </ItemGroup>
  <ItemGroup>
    <ClInclude Include="framework.h" />
    <ClInclude Include="mPlayScene.h">
      <Filter>Scene\PlayScene</Filter>
    </ClInclude>
    <ClInclude Include="mCameraScript.h">
      <Filter>Script\CameraScript</Filter>
    </ClInclude>
    <ClInclude Include="mMainMenuScene.h">
      <Filter>Scene\MainMenuScene</Filter>
    </ClInclude>
    <ClInclude Include="mSelectCharacterScene.h">
      <Filter>Scene\SelectCharacterScene</Filter>
    </ClInclude>
    <ClInclude Include="mPlayer.h">
      <Filter>Objects\Player</Filter>
    </ClInclude>
    <ClInclude Include="mTile.h">
      <Filter>UI\Tile</Filter>
    </ClInclude>
    <ClInclude Include="mButton.h">
      <Filter>UI\Button</Filter>
    </ClInclude>
    <ClInclude Include="mMonster.h">
      <Filter>Objects\Monster</Filter>
    </ClInclude>
    <ClInclude Include="mBackground.h">
      <Filter>UI\Background</Filter>
    </ClInclude>
    <ClInclude Include="mPanel.h">
      <Filter>UI\Panel</Filter>
    </ClInclude>
    <ClInclude Include="mInvenItem.h">
      <Filter>Item\InvenItem</Filter>
    </ClInclude>
    <ClInclude Include="mFieldItem.h">
      <Filter>Item\FieldItem</Filter>
    </ClInclude>
    <ClInclude Include="mItem.h">
      <Filter>Item</Filter>
    </ClInclude>
    <ClInclude Include="mGridScript.h">
      <Filter>Script\GridScript</Filter>
    </ClInclude>
    <ClInclude Include="mInven.h">
      <Filter>UI\ItemPlaced\Inven</Filter>
    </ClInclude>
    <ClInclude Include="mSkillUp.h">
      <Filter>UI\Skill</Filter>
    </ClInclude>
    <ClInclude Include="mPlayerInfo.h" />
    <ClInclude Include="mInventory.h">
      <Filter>UI\ItemPlaced\Inventory</Filter>
    </ClInclude>
    <ClInclude Include="mItemScript.h">
      <Filter>Script\ItemScript</Filter>
    </ClInclude>
    <ClInclude Include="mPlayerScript.h">
      <Filter>Script\PlayerScript</Filter>
    </ClInclude>
    <ClInclude Include="mSkillButton.h">
      <Filter>UI\SkillButton</Filter>
    </ClInclude>
    <ClInclude Include="mBottomUI.h">
      <Filter>UI\ItemPlaced\BottomUI</Filter>
    </ClInclude>
    <ClInclude Include="mMonsterScript.h">
      <Filter>Script\MonsterScript</Filter>
    </ClInclude>
    <ClInclude Include="mUVUI.h">
      <Filter>UI\UVUI</Filter>
    </ClInclude>
    <ClInclude Include="mMoveAbleObject.h">
      <Filter>Objects\MoveAbleObject</Filter>
    </ClInclude>
    <ClInclude Include="mTileScript.h">
      <Filter>Script\TileScript</Filter>
    </ClInclude>
    <ClInclude Include="mSkill.h">
      <Filter>Skill</Filter>
    </ClInclude>
    <ClInclude Include="mSkillShortCutButton.h">
      <Filter>UI\SkillShortCutButton</Filter>
    </ClInclude>
  </ItemGroup>
  <ItemGroup>
    <Filter Include="Scene">
      <UniqueIdentifier>{54b77dc0-4334-4b63-a526-4319e45a8ea4}</UniqueIdentifier>
    </Filter>
    <Filter Include="Layer">
      <UniqueIdentifier>{15bfba6b-8a12-4b28-93b3-845d6c822bf7}</UniqueIdentifier>
    </Filter>
    <Filter Include="Script">
      <UniqueIdentifier>{1911ea2b-855b-494d-bcd2-d2f42ad0e9c7}</UniqueIdentifier>
    </Filter>
    <Filter Include="Scene\MainMenuScene">
      <UniqueIdentifier>{253022ac-672b-46dc-a5e6-479b589eb7b6}</UniqueIdentifier>
    </Filter>
    <Filter Include="Scene\SelectCharacterScene">
      <UniqueIdentifier>{e0536c3e-e9fe-4b3d-89d9-82526a709aa4}</UniqueIdentifier>
    </Filter>
    <Filter Include="Scene\PlayScene">
      <UniqueIdentifier>{751c22a1-cf6b-4714-bf37-3362d1a76e31}</UniqueIdentifier>
    </Filter>
    <Filter Include="Script\CameraScript">
      <UniqueIdentifier>{cb627aab-61d1-41ce-8f98-30d703939720}</UniqueIdentifier>
    </Filter>
    <Filter Include="Load">
      <UniqueIdentifier>{25a16faf-5125-443c-bcdc-7f251fd2de2e}</UniqueIdentifier>
    </Filter>
    <Filter Include="Objects">
      <UniqueIdentifier>{3dcacb21-58c8-48da-b1f7-880b74ce9e8a}</UniqueIdentifier>
    </Filter>
    <Filter Include="Objects\Player">
      <UniqueIdentifier>{1077f175-2fa4-4a11-8912-a40dd7b3b999}</UniqueIdentifier>
    </Filter>
    <Filter Include="Objects\Monster">
      <UniqueIdentifier>{7c75bba4-cfeb-4748-b7f7-182ea3234505}</UniqueIdentifier>
    </Filter>
    <Filter Include="UI">
      <UniqueIdentifier>{506e4790-2e12-4946-8770-f915f868481d}</UniqueIdentifier>
    </Filter>
    <Filter Include="UI\Tile">
      <UniqueIdentifier>{4707dc1c-4491-4f9f-afa5-9eca68be4657}</UniqueIdentifier>
    </Filter>
    <Filter Include="UI\Background">
      <UniqueIdentifier>{a43b512a-ce67-47f7-b20d-53b7e1fefbe5}</UniqueIdentifier>
    </Filter>
    <Filter Include="UI\Button">
      <UniqueIdentifier>{4ae38d2e-eba7-41f4-beee-2d720c198739}</UniqueIdentifier>
    </Filter>
    <Filter Include="UI\Panel">
      <UniqueIdentifier>{ccbe0194-6931-44e2-b043-c73cb46ce8ac}</UniqueIdentifier>
    </Filter>
    <Filter Include="Item">
      <UniqueIdentifier>{af605d61-ccd7-46ff-99a9-65a61f1a7a14}</UniqueIdentifier>
    </Filter>
    <Filter Include="Item\FieldItem">
      <UniqueIdentifier>{7a1c115a-e2a6-4a7e-a6f9-f98c845d5623}</UniqueIdentifier>
    </Filter>
    <Filter Include="Item\InvenItem">
      <UniqueIdentifier>{5ed54685-cb0f-4a40-88f7-9a72d7ad837d}</UniqueIdentifier>
    </Filter>
    <Filter Include="Script\GridScript">
      <UniqueIdentifier>{dd83b7bb-6cbf-4147-ae4c-afb0b2d880cb}</UniqueIdentifier>
    </Filter>
    <Filter Include="UI\Skill">
      <UniqueIdentifier>{70d998e3-38f7-4f8f-a6e1-92c1d0f994d3}</UniqueIdentifier>
    </Filter>
    <Filter Include="UI\Button\SkillButton">
      <UniqueIdentifier>{28a42525-9aa3-41f5-bb42-5287cb25ee30}</UniqueIdentifier>
    </Filter>
    <Filter Include="UI\ItemPlaced">
      <UniqueIdentifier>{8748243c-70f1-46ea-8c6c-9db7759e954f}</UniqueIdentifier>
    </Filter>
    <Filter Include="UI\ItemPlaced\Inven">
      <UniqueIdentifier>{6c844b8a-ce96-4cc3-b29e-0bedafbb137a}</UniqueIdentifier>
    </Filter>
    <Filter Include="UI\ItemPlaced\Inventory">
      <UniqueIdentifier>{ccfd0c92-cbcc-40b4-b2a9-08bd1f06b386}</UniqueIdentifier>
    </Filter>
    <Filter Include="Script\ItemScript">
      <UniqueIdentifier>{c0a70499-c002-486c-a884-98bce4a22d5a}</UniqueIdentifier>
    </Filter>
    <Filter Include="Script\PlayerScript">
      <UniqueIdentifier>{2fc0cc0b-0808-4cbb-9f66-1e947a2725ff}</UniqueIdentifier>
    </Filter>
    <Filter Include="UI\SkillButton">
      <UniqueIdentifier>{786bec94-448f-4eb3-abd6-5c018920d610}</UniqueIdentifier>
    </Filter>
    <Filter Include="UI\ItemPlaced\BottomUI">
      <UniqueIdentifier>{ac5b8951-a5de-49bd-930c-e0971e42bd77}</UniqueIdentifier>
    </Filter>
    <Filter Include="Script\MonsterScript">
      <UniqueIdentifier>{abf28967-1bf8-4e10-b73a-22ee09882019}</UniqueIdentifier>
    </Filter>
    <Filter Include="UI\UVUI">
      <UniqueIdentifier>{4a97b7f2-b619-42ef-9070-bcaec63cce40}</UniqueIdentifier>
    </Filter>
    <Filter Include="Script\TileScript">
      <UniqueIdentifier>{2d96b47d-5de9-4eb4-8047-0ad8cb0f1a47}</UniqueIdentifier>
    </Filter>
    <Filter Include="Objects\MoveAbleObject">
      <UniqueIdentifier>{e5e9cc18-8188-4d91-a939-c082054cd74f}</UniqueIdentifier>
    </Filter>
    <Filter Include="UI\SkillShortCutButton">
      <UniqueIdentifier>{aad6da08-7744-41e4-b0c3-f9157603f585}</UniqueIdentifier>
    </Filter>
    <Filter Include="Skill">
      <UniqueIdentifier>{88ba78aa-41a5-4e9a-9182-fd5aae29e3e8}</UniqueIdentifier>
    </Filter>
  </ItemGroup>
</Project>