<?xml version="1.0" encoding="utf-8"?>
<Project ToolsVersion="4.0" xmlns="http://schemas.microsoft.com/developer/msbuild/2003">
  <ItemGroup>
    <ClCompile Include="Engine.cpp" />
    <ClCompile Include="mPlayScene.cpp">
      <Filter>Scene\PlayScene</Filter>
    </ClCompile>
    <ClCompile Include="mCameraScript.cpp">
      <Filter>Script\CameraScript</Filter>
    </ClCompile>
    <ClCompile Include="mMainMenuScene.cpp">
      <Filter>Scene\MainMenuScene</Filter>
    </ClCompile>
    <ClCompile Include="mSelectCharacterScene.cpp">
      <Filter>Scene\SelectCharacterScene</Filter>
    </ClCompile>
    <ClCompile Include="LoadScenes.h">
      <Filter>Load</Filter>
    </ClCompile>
    <ClCompile Include="mPlayer.cpp">
      <Filter>Objects\Player</Filter>
    </ClCompile>
    <ClCompile Include="mTile.cpp">
      <Filter>UI\Tile</Filter>
    </ClCompile>
    <ClCompile Include="mButton.cpp">
      <Filter>UI\Button</Filter>
    </ClCompile>
    <ClCompile Include="mMonster.cpp">
      <Filter>Objects\Monster</Filter>
    </ClCompile>
    <ClCompile Include="mBackground.cpp">
      <Filter>UI\Background</Filter>
    </ClCompile>
    <ClCompile Include="mPanel.cpp">
      <Filter>UI\Panel</Filter>
    </ClCompile>
    <ClCompile Include="mInvenItem.cpp">
      <Filter>Item\InvenItem</Filter>
    </ClCompile>
    <ClCompile Include="mFieldItem.cpp">
      <Filter>Item\FieldItem</Filter>
    </ClCompile>
    <ClCompile Include="mItem.cpp">
      <Filter>Item</Filter>
    </ClCompile>
    <ClCompile Include="mGridScript.cpp">
      <Filter>Script\GridScript</Filter>
    </ClCompile>
    <ClCompile Include="mEmptyRect.cpp">
      <Filter>UI\ItemPlaced\EmptyRect</Filter>
    </ClCompile>
    <ClCompile Include="mSkillStatus.cpp">
      <Filter>UI\Skill</Filter>
    </ClCompile>
    <ClCompile Include="mPlayerManager.cpp" />
    <ClCompile Include="mInventory.cpp">
      <Filter>UI\ItemPlaced\Inventory</Filter>
    </ClCompile>
    <ClCompile Include="mItemScript.cpp">
      <Filter>Script\ItemScript</Filter>
    </ClCompile>
    <ClCompile Include="mPlayerScript.cpp">
      <Filter>Script\PlayerScript</Filter>
    </ClCompile>
    <ClCompile Include="mSkillButton.cpp">
      <Filter>UI\SkillButton</Filter>
    </ClCompile>
    <ClCompile Include="mBottomUI.cpp">
      <Filter>UI\ItemPlaced\BottomUI</Filter>
    </ClCompile>
    <ClCompile Include="mMonsterScript.cpp">
      <Filter>Script\MonsterScript</Filter>
    </ClCompile>
    <ClCompile Include="mUVUI.cpp">
      <Filter>UI\UVUI</Filter>
    </ClCompile>
    <ClCompile Include="mMoveAbleObject.cpp">
      <Filter>Objects\MoveAbleObject</Filter>
    </ClCompile>
    <ClCompile Include="mTileScript.cpp">
      <Filter>Script\TileScript</Filter>
    </ClCompile>
    <ClCompile Include="mSkill.cpp">
      <Filter>Skill</Filter>
    </ClCompile>
    <ClCompile Include="mSkillShortCutButton.cpp">
      <Filter>UI\SkillShortCutButton</Filter>
    </ClCompile>
    <ClCompile Include="mSkillStraight.cpp">
      <Filter>Skill\Missile\SkillStraight</Filter>
    </ClCompile>
    <ClCompile Include="mSkillScript.cpp">
      <Filter>Script\SkillScript</Filter>
    </ClCompile>
    <ClCompile Include="mStraightScript.cpp">
      <Filter>Script\StraightScript</Filter>
    </ClCompile>
    <ClCompile Include="mSkillOverlay.cpp">
      <Filter>SkillOverlay</Filter>
    </ClCompile>
    <ClCompile Include="mOverlayEffectSkillScript.cpp">
      <Filter>Script\OverlayEffectScript</Filter>
    </ClCompile>
    <ClCompile Include="mSkillFall.cpp">
      <Filter>Skill\Missile\SkillFall</Filter>
    </ClCompile>
    <ClCompile Include="mFallScript.cpp">
      <Filter>Script\FallScript</Filter>
    </ClCompile>
    <ClCompile Include="mSkillMultiFire.cpp">
      <Filter>Skill\Missile\SkillMultiFire</Filter>
    </ClCompile>
    <ClCompile Include="mHandScript.cpp">
      <Filter>Script\HandScript</Filter>
    </ClCompile>
    <ClCompile Include="mHand.cpp">
      <Filter>BodyParts\Hand</Filter>
    </ClCompile>
    <ClCompile Include="mMonsterHand.cpp">
      <Filter>BodyParts\Hand\MonsterHand</Filter>
    </ClCompile>
    <ClCompile Include="mBackgroundScript.cpp">
      <Filter>Script\BackgroundScript</Filter>
    </ClCompile>
    <ClCompile Include="mPotionScript.cpp">
      <Filter>Script\PotionScript</Filter>
    </ClCompile>
    <ClCompile Include="mPlayerStatus.cpp" />
    <ClCompile Include="mSkillOrb.cpp">
      <Filter>Skill\Missile\SkillOrb</Filter>
    </ClCompile>
    <ClCompile Include="mSkillCurve.cpp">
      <Filter>Skill\Missile\SkillCurve</Filter>
    </ClCompile>
    <ClCompile Include="mSkillFallExplosion.cpp">
      <Filter>Skill\Missile\SkillFallExplosion</Filter>
    </ClCompile>
    <ClCompile Include="mTileAffectOverlay.cpp">
      <Filter>Objects\TileAffectOverlay</Filter>
    </ClCompile>
    <ClCompile Include="mSkillBuff.cpp">
      <Filter>Skill\Missile\SkillBuff</Filter>
    </ClCompile>
    <ClCompile Include="mSkillIndicator.cpp">
      <Filter>SkillIndicator</Filter>
    </ClCompile>
    <ClCompile Include="mAffectOverlayScript.cpp">
      <Filter>Script\AffectOverlayScript</Filter>
    </ClCompile>
    <ClCompile Include="mTeleportScript.cpp">
      <Filter>Script\TeleportScript</Filter>
    </ClCompile>
    <ClCompile Include="mSkillAbnormal.cpp">
      <Filter>Skill\Missile\SkillAbnormal</Filter>
    </ClCompile>
    <ClCompile Include="mAbnormalScript.cpp">
      <Filter>Script\AbnormalScript</Filter>
    </ClCompile>
    <ClCompile Include="mBuffScript.cpp">
      <Filter>Script\BuffScript</Filter>
    </ClCompile>
    <ClCompile Include="mAura.cpp">
      <Filter>Skill\Missile\SkillAura</Filter>
    </ClCompile>
    <ClCompile Include="mSkillFollower.cpp">
      <Filter>Skill\Missile\SkillFollower</Filter>
    </ClCompile>
    <ClCompile Include="mSkillWall.cpp">
      <Filter>Skill\Missile\SkillWall</Filter>
    </ClCompile>
    <ClCompile Include="mAuraScript.cpp">
      <Filter>Script\AuraScript</Filter>
    </ClCompile>
    <ClCompile Include="mEnemyHpUI.cpp">
      <Filter>UI\EnemyHpUI</Filter>
    </ClCompile>
    <ClCompile Include="mSkillMMultiFire.cpp">
      <Filter>Skill\Missile\SkillMMultiFire</Filter>
    </ClCompile>
    <ClCompile Include="mSkillSummons.cpp">
      <Filter>Skill\Summons\SkillSummons</Filter>
    </ClCompile>
    <ClCompile Include="mSummonsScript.cpp">
      <Filter>Script\SummonsScript</Filter>
    </ClCompile>
    <ClCompile Include="mSkillMultiSummons.cpp">
      <Filter>Skill\Summons\SkillMultiSummons</Filter>
    </ClCompile>
    <ClCompile Include="mOverlay.cpp">
      <Filter>Overlay</Filter>
    </ClCompile>
    <ClCompile Include="mOverlayScript.cpp">
      <Filter>Script\OverlayScript</Filter>
    </ClCompile>
    <ClCompile Include="mSkillFollowing.cpp">
      <Filter>Skill\Missile\SkillFollowing</Filter>
    </ClCompile>
    <ClCompile Include="mSkillRange.cpp">
      <Filter>Skill\Range\SkillRange</Filter>
    </ClCompile>
    <ClCompile Include="mSkillPush.cpp">
      <Filter>Skill\Click\SkillPush</Filter>
    </ClCompile>
    <ClCompile Include="mRangeScript.cpp">
      <Filter>Script\RangeScript</Filter>
    </ClCompile>
    <ClCompile Include="mSkillChain.cpp">
      <Filter>Skill\Missile\SkillChain</Filter>
    </ClCompile>
    <ClCompile Include="mChainScript.cpp">
      <Filter>Script\ChainScript</Filter>
    </ClCompile>
    <ClCompile Include="mNPC.cpp">
      <Filter>Objects\NPC</Filter>
    </ClCompile>
    <ClCompile Include="mInteractUI.cpp">
      <Filter>UI\InteractUI</Filter>
    </ClCompile>
    <ClCompile Include="mNPCScript.cpp">
      <Filter>Script\NPCScript</Filter>
    </ClCompile>
    <ClCompile Include="mShop.cpp">
      <Filter>UI\ItemPlaced\Shop</Filter>
    </ClCompile>
    <ClCompile Include="mLightObject.cpp">
      <Filter>Objects\LightObject</Filter>
    </ClCompile>
    <ClCompile Include="mShadowObject.cpp">
      <Filter>Objects\ShadowObject</Filter>
    </ClCompile>
    <ClCompile Include="mPortal.cpp">
      <Filter>Objects\Portal</Filter>
    </ClCompile>
    <ClCompile Include="mPortalScript.cpp">
      <Filter>Script\PortalScript</Filter>
    </ClCompile>
    <ClCompile Include="mWall.cpp">
      <Filter>Objects\Wall</Filter>
    </ClCompile>
    <ClCompile Include="mWallScript.cpp">
      <Filter>Script\WallScript</Filter>
    </ClCompile>
    <ClCompile Include="mFloor.cpp">
      <Filter>Objects\Floor</Filter>
    </ClCompile>
    <ClCompile Include="mTorchScript.cpp">
      <Filter>Script\TorchScript</Filter>
    </ClCompile>
    <ClCompile Include="mTorch.cpp">
      <Filter>Objects\Torch</Filter>
    </ClCompile>
    <ClCompile Include="mParts.cpp">
      <Filter>BodyParts</Filter>
    </ClCompile>
    <ClCompile Include="mPlayerHand.cpp">
      <Filter>BodyParts\Hand\PlayerHand</Filter>
    </ClCompile>
    <ClCompile Include="mBodyParts.cpp">
      <Filter>BodyParts</Filter>
    </ClCompile>
    <ClCompile Include="mCharacterStatus.cpp">
      <Filter>UI\CharacterStatus</Filter>
    </ClCompile>
  </ItemGroup>
  <ItemGroup>
    <ClInclude Include="framework.h" />
    <ClInclude Include="mPlayScene.h">
      <Filter>Scene\PlayScene</Filter>
    </ClInclude>
    <ClInclude Include="mCameraScript.h">
      <Filter>Script\CameraScript</Filter>
    </ClInclude>
    <ClInclude Include="mMainMenuScene.h">
      <Filter>Scene\MainMenuScene</Filter>
    </ClInclude>
    <ClInclude Include="mSelectCharacterScene.h">
      <Filter>Scene\SelectCharacterScene</Filter>
    </ClInclude>
    <ClInclude Include="mPlayer.h">
      <Filter>Objects\Player</Filter>
    </ClInclude>
    <ClInclude Include="mTile.h">
      <Filter>UI\Tile</Filter>
    </ClInclude>
    <ClInclude Include="mButton.h">
      <Filter>UI\Button</Filter>
    </ClInclude>
    <ClInclude Include="mMonster.h">
      <Filter>Objects\Monster</Filter>
    </ClInclude>
    <ClInclude Include="mBackground.h">
      <Filter>UI\Background</Filter>
    </ClInclude>
    <ClInclude Include="mPanel.h">
      <Filter>UI\Panel</Filter>
    </ClInclude>
    <ClInclude Include="mInvenItem.h">
      <Filter>Item\InvenItem</Filter>
    </ClInclude>
    <ClInclude Include="mFieldItem.h">
      <Filter>Item\FieldItem</Filter>
    </ClInclude>
    <ClInclude Include="mItem.h">
      <Filter>Item</Filter>
    </ClInclude>
    <ClInclude Include="mGridScript.h">
      <Filter>Script\GridScript</Filter>
    </ClInclude>
    <ClInclude Include="mEmptyRect.h">
      <Filter>UI\ItemPlaced\EmptyRect</Filter>
    </ClInclude>
    <ClInclude Include="mSkillStatus.h">
      <Filter>UI\Skill</Filter>
    </ClInclude>
    <ClInclude Include="mPlayerManager.h" />
    <ClInclude Include="mInventory.h">
      <Filter>UI\ItemPlaced\Inventory</Filter>
    </ClInclude>
    <ClInclude Include="mItemScript.h">
      <Filter>Script\ItemScript</Filter>
    </ClInclude>
    <ClInclude Include="mPlayerScript.h">
      <Filter>Script\PlayerScript</Filter>
    </ClInclude>
    <ClInclude Include="mSkillButton.h">
      <Filter>UI\SkillButton</Filter>
    </ClInclude>
    <ClInclude Include="mBottomUI.h">
      <Filter>UI\ItemPlaced\BottomUI</Filter>
    </ClInclude>
    <ClInclude Include="mMonsterScript.h">
      <Filter>Script\MonsterScript</Filter>
    </ClInclude>
    <ClInclude Include="mUVUI.h">
      <Filter>UI\UVUI</Filter>
    </ClInclude>
    <ClInclude Include="mMoveAbleObject.h">
      <Filter>Objects\MoveAbleObject</Filter>
    </ClInclude>
    <ClInclude Include="mTileScript.h">
      <Filter>Script\TileScript</Filter>
    </ClInclude>
    <ClInclude Include="mSkill.h">
      <Filter>Skill</Filter>
    </ClInclude>
    <ClInclude Include="mSkillShortCutButton.h">
      <Filter>UI\SkillShortCutButton</Filter>
    </ClInclude>
    <ClInclude Include="mSkillStraight.h">
      <Filter>Skill\Missile\SkillStraight</Filter>
    </ClInclude>
    <ClInclude Include="mSkillScript.h">
      <Filter>Script\SkillScript</Filter>
    </ClInclude>
    <ClInclude Include="mStraightScript.h">
      <Filter>Script\StraightScript</Filter>
    </ClInclude>
    <ClInclude Include="mSkillOverlay.h">
      <Filter>SkillOverlay</Filter>
    </ClInclude>
    <ClInclude Include="mOverlayEffectSkillScript.h">
      <Filter>Script\OverlayEffectScript</Filter>
    </ClInclude>
    <ClInclude Include="mSkillFall.h">
      <Filter>Skill\Missile\SkillFall</Filter>
    </ClInclude>
    <ClInclude Include="mFallScript.h">
      <Filter>Script\FallScript</Filter>
    </ClInclude>
    <ClInclude Include="mSkillMultiFire.h">
      <Filter>Skill\Missile\SkillMultiFire</Filter>
    </ClInclude>
    <ClInclude Include="mHandScript.h">
      <Filter>Script\HandScript</Filter>
    </ClInclude>
    <ClInclude Include="mHand.h">
      <Filter>BodyParts\Hand</Filter>
    </ClInclude>
    <ClInclude Include="mMonsterHand.h">
      <Filter>BodyParts\Hand\MonsterHand</Filter>
    </ClInclude>
    <ClInclude Include="mBackgroundScript.h">
      <Filter>Script\BackgroundScript</Filter>
    </ClInclude>
    <ClInclude Include="mPotionScript.h">
      <Filter>Script\PotionScript</Filter>
    </ClInclude>
    <ClInclude Include="mPlayerStatus.h" />
    <ClInclude Include="mSkillOrb.h">
      <Filter>Skill\Missile\SkillOrb</Filter>
    </ClInclude>
    <ClInclude Include="mSkillCurve.h">
      <Filter>Skill\Missile\SkillCurve</Filter>
    </ClInclude>
    <ClInclude Include="mSkillFallExplosion.h">
      <Filter>Skill\Missile\SkillFallExplosion</Filter>
    </ClInclude>
    <ClInclude Include="mTileAffectOverlay.h">
      <Filter>Objects\TileAffectOverlay</Filter>
    </ClInclude>
    <ClInclude Include="mSkillBuff.h">
      <Filter>Skill\Missile\SkillBuff</Filter>
    </ClInclude>
    <ClInclude Include="mSkillIndicator.h">
      <Filter>SkillIndicator</Filter>
    </ClInclude>
    <ClInclude Include="mAffectOverlayScript.h">
      <Filter>Script\AffectOverlayScript</Filter>
    </ClInclude>
    <ClInclude Include="mTeleportScript.h">
      <Filter>Script\TeleportScript</Filter>
    </ClInclude>
    <ClInclude Include="mSkillAbnormal.h">
      <Filter>Skill\Missile\SkillAbnormal</Filter>
    </ClInclude>
    <ClInclude Include="mAbnormalScript.h">
      <Filter>Script\AbnormalScript</Filter>
    </ClInclude>
    <ClInclude Include="mBuffScript.h">
      <Filter>Script\BuffScript</Filter>
    </ClInclude>
    <ClInclude Include="mAura.h">
      <Filter>Skill\Missile\SkillAura</Filter>
    </ClInclude>
    <ClInclude Include="mSkillFollower.h">
      <Filter>Skill\Missile\SkillFollower</Filter>
    </ClInclude>
    <ClInclude Include="mSkillWall.h">
      <Filter>Skill\Missile\SkillWall</Filter>
    </ClInclude>
    <ClInclude Include="mAuraScript.h">
      <Filter>Script\AuraScript</Filter>
    </ClInclude>
    <ClInclude Include="mEnemyHpUI.h">
      <Filter>UI\EnemyHpUI</Filter>
    </ClInclude>
    <ClInclude Include="mSkillMMultiFire.h">
      <Filter>Skill\Missile\SkillMMultiFire</Filter>
    </ClInclude>
    <ClInclude Include="mSkillSummons.h">
      <Filter>Skill\Summons\SkillSummons</Filter>
    </ClInclude>
    <ClInclude Include="mSummonsScript.h">
      <Filter>Script\SummonsScript</Filter>
    </ClInclude>
    <ClInclude Include="mSkillMultiSummons.h">
      <Filter>Skill\Summons\SkillMultiSummons</Filter>
    </ClInclude>
    <ClInclude Include="mOverlay.h">
      <Filter>Overlay</Filter>
    </ClInclude>
    <ClInclude Include="mOverlayScript.h">
      <Filter>Script\OverlayScript</Filter>
    </ClInclude>
    <ClInclude Include="mSkillFollowing.h">
      <Filter>Skill\Missile\SkillFollowing</Filter>
    </ClInclude>
    <ClInclude Include="mSkillRange.h">
      <Filter>Skill\Range\SkillRange</Filter>
    </ClInclude>
    <ClInclude Include="mSkillPush.h">
      <Filter>Skill\Click\SkillPush</Filter>
    </ClInclude>
    <ClInclude Include="mRangeScript.h">
      <Filter>Script\RangeScript</Filter>
    </ClInclude>
    <ClInclude Include="mSkillChain.h">
      <Filter>Skill\Missile\SkillChain</Filter>
    </ClInclude>
    <ClInclude Include="mChainScript.h">
      <Filter>Script\ChainScript</Filter>
    </ClInclude>
    <ClInclude Include="mNPC.h">
      <Filter>Objects\NPC</Filter>
    </ClInclude>
    <ClInclude Include="mInteractUI.h">
      <Filter>UI\InteractUI</Filter>
    </ClInclude>
    <ClInclude Include="mNPCScript.h">
      <Filter>Script\NPCScript</Filter>
    </ClInclude>
    <ClInclude Include="mShop.h">
      <Filter>UI\ItemPlaced\Shop</Filter>
    </ClInclude>
    <ClInclude Include="mLightObject.h">
      <Filter>Objects\LightObject</Filter>
    </ClInclude>
    <ClInclude Include="mShadowObject.h">
      <Filter>Objects\ShadowObject</Filter>
    </ClInclude>
    <ClInclude Include="mPortal.h">
      <Filter>Objects\Portal</Filter>
    </ClInclude>
    <ClInclude Include="mPortalScript.h">
      <Filter>Script\PortalScript</Filter>
    </ClInclude>
    <ClInclude Include="mWall.h">
      <Filter>Objects\Wall</Filter>
    </ClInclude>
    <ClInclude Include="mWallScript.h">
      <Filter>Script\WallScript</Filter>
    </ClInclude>
    <ClInclude Include="mFloor.h">
      <Filter>Objects\Floor</Filter>
    </ClInclude>
    <ClInclude Include="mTorchScript.h">
      <Filter>Script\TorchScript</Filter>
    </ClInclude>
    <ClInclude Include="mTorch.h">
      <Filter>Objects\Torch</Filter>
    </ClInclude>
    <ClInclude Include="mParts.h">
      <Filter>BodyParts</Filter>
    </ClInclude>
    <ClInclude Include="mPlayerHand.h">
      <Filter>BodyParts\Hand\PlayerHand</Filter>
    </ClInclude>
    <ClInclude Include="mBodyParts.h">
      <Filter>BodyParts</Filter>
    </ClInclude>
    <ClInclude Include="mCharacterStatus.h">
      <Filter>UI\CharacterStatus</Filter>
    </ClInclude>
  </ItemGroup>
  <ItemGroup>
    <Filter Include="Scene">
      <UniqueIdentifier>{54b77dc0-4334-4b63-a526-4319e45a8ea4}</UniqueIdentifier>
    </Filter>
    <Filter Include="Script">
      <UniqueIdentifier>{1911ea2b-855b-494d-bcd2-d2f42ad0e9c7}</UniqueIdentifier>
    </Filter>
    <Filter Include="Scene\MainMenuScene">
      <UniqueIdentifier>{253022ac-672b-46dc-a5e6-479b589eb7b6}</UniqueIdentifier>
    </Filter>
    <Filter Include="Scene\SelectCharacterScene">
      <UniqueIdentifier>{e0536c3e-e9fe-4b3d-89d9-82526a709aa4}</UniqueIdentifier>
    </Filter>
    <Filter Include="Scene\PlayScene">
      <UniqueIdentifier>{751c22a1-cf6b-4714-bf37-3362d1a76e31}</UniqueIdentifier>
    </Filter>
    <Filter Include="Script\CameraScript">
      <UniqueIdentifier>{cb627aab-61d1-41ce-8f98-30d703939720}</UniqueIdentifier>
    </Filter>
    <Filter Include="Load">
      <UniqueIdentifier>{25a16faf-5125-443c-bcdc-7f251fd2de2e}</UniqueIdentifier>
    </Filter>
    <Filter Include="Objects">
      <UniqueIdentifier>{3dcacb21-58c8-48da-b1f7-880b74ce9e8a}</UniqueIdentifier>
    </Filter>
    <Filter Include="Objects\Player">
      <UniqueIdentifier>{1077f175-2fa4-4a11-8912-a40dd7b3b999}</UniqueIdentifier>
    </Filter>
    <Filter Include="Objects\Monster">
      <UniqueIdentifier>{7c75bba4-cfeb-4748-b7f7-182ea3234505}</UniqueIdentifier>
    </Filter>
    <Filter Include="UI">
      <UniqueIdentifier>{506e4790-2e12-4946-8770-f915f868481d}</UniqueIdentifier>
    </Filter>
    <Filter Include="UI\Tile">
      <UniqueIdentifier>{4707dc1c-4491-4f9f-afa5-9eca68be4657}</UniqueIdentifier>
    </Filter>
    <Filter Include="UI\Background">
      <UniqueIdentifier>{a43b512a-ce67-47f7-b20d-53b7e1fefbe5}</UniqueIdentifier>
    </Filter>
    <Filter Include="UI\Button">
      <UniqueIdentifier>{4ae38d2e-eba7-41f4-beee-2d720c198739}</UniqueIdentifier>
    </Filter>
    <Filter Include="UI\Panel">
      <UniqueIdentifier>{ccbe0194-6931-44e2-b043-c73cb46ce8ac}</UniqueIdentifier>
    </Filter>
    <Filter Include="Item">
      <UniqueIdentifier>{af605d61-ccd7-46ff-99a9-65a61f1a7a14}</UniqueIdentifier>
    </Filter>
    <Filter Include="Item\FieldItem">
      <UniqueIdentifier>{7a1c115a-e2a6-4a7e-a6f9-f98c845d5623}</UniqueIdentifier>
    </Filter>
    <Filter Include="Item\InvenItem">
      <UniqueIdentifier>{5ed54685-cb0f-4a40-88f7-9a72d7ad837d}</UniqueIdentifier>
    </Filter>
    <Filter Include="Script\GridScript">
      <UniqueIdentifier>{dd83b7bb-6cbf-4147-ae4c-afb0b2d880cb}</UniqueIdentifier>
    </Filter>
    <Filter Include="UI\Skill">
      <UniqueIdentifier>{70d998e3-38f7-4f8f-a6e1-92c1d0f994d3}</UniqueIdentifier>
    </Filter>
    <Filter Include="UI\ItemPlaced">
      <UniqueIdentifier>{8748243c-70f1-46ea-8c6c-9db7759e954f}</UniqueIdentifier>
    </Filter>
    <Filter Include="UI\ItemPlaced\Inventory">
      <UniqueIdentifier>{ccfd0c92-cbcc-40b4-b2a9-08bd1f06b386}</UniqueIdentifier>
    </Filter>
    <Filter Include="Script\ItemScript">
      <UniqueIdentifier>{c0a70499-c002-486c-a884-98bce4a22d5a}</UniqueIdentifier>
    </Filter>
    <Filter Include="Script\PlayerScript">
      <UniqueIdentifier>{2fc0cc0b-0808-4cbb-9f66-1e947a2725ff}</UniqueIdentifier>
    </Filter>
    <Filter Include="UI\SkillButton">
      <UniqueIdentifier>{786bec94-448f-4eb3-abd6-5c018920d610}</UniqueIdentifier>
    </Filter>
    <Filter Include="UI\ItemPlaced\BottomUI">
      <UniqueIdentifier>{ac5b8951-a5de-49bd-930c-e0971e42bd77}</UniqueIdentifier>
    </Filter>
    <Filter Include="Script\MonsterScript">
      <UniqueIdentifier>{abf28967-1bf8-4e10-b73a-22ee09882019}</UniqueIdentifier>
    </Filter>
    <Filter Include="UI\UVUI">
      <UniqueIdentifier>{4a97b7f2-b619-42ef-9070-bcaec63cce40}</UniqueIdentifier>
    </Filter>
    <Filter Include="Script\TileScript">
      <UniqueIdentifier>{2d96b47d-5de9-4eb4-8047-0ad8cb0f1a47}</UniqueIdentifier>
    </Filter>
    <Filter Include="Objects\MoveAbleObject">
      <UniqueIdentifier>{e5e9cc18-8188-4d91-a939-c082054cd74f}</UniqueIdentifier>
    </Filter>
    <Filter Include="UI\SkillShortCutButton">
      <UniqueIdentifier>{aad6da08-7744-41e4-b0c3-f9157603f585}</UniqueIdentifier>
    </Filter>
    <Filter Include="Skill">
      <UniqueIdentifier>{88ba78aa-41a5-4e9a-9182-fd5aae29e3e8}</UniqueIdentifier>
    </Filter>
    <Filter Include="Script\SkillScript">
      <UniqueIdentifier>{21faa739-1af3-4d1f-95ef-ccc4e2fb118c}</UniqueIdentifier>
    </Filter>
    <Filter Include="SkillOverlay">
      <UniqueIdentifier>{625f5365-6b08-43ba-b226-4eec83a8a440}</UniqueIdentifier>
    </Filter>
    <Filter Include="Script\FallScript">
      <UniqueIdentifier>{22057ebd-f883-4d80-a9bc-a00de7113b6a}</UniqueIdentifier>
    </Filter>
    <Filter Include="Script\OverlayEffectScript">
      <UniqueIdentifier>{bec1a9a7-acfd-4a99-81a1-b89f18d8ebe8}</UniqueIdentifier>
    </Filter>
    <Filter Include="Script\HandScript">
      <UniqueIdentifier>{0494ead8-242d-4ea5-a528-f3e5682e8909}</UniqueIdentifier>
    </Filter>
    <Filter Include="Script\HandScript\MonsterHandScript">
      <UniqueIdentifier>{bb7ba5d7-74dc-48ed-bbf5-558897c6bd87}</UniqueIdentifier>
    </Filter>
    <Filter Include="Script\HandScript\PlayerHandScript">
      <UniqueIdentifier>{70db4787-2905-4c05-a689-2faeba6066e9}</UniqueIdentifier>
    </Filter>
    <Filter Include="Script\StraightScript">
      <UniqueIdentifier>{bf5cf359-b42a-425b-91ba-1be1fd6dfe3c}</UniqueIdentifier>
    </Filter>
    <Filter Include="Script\BackgroundScript">
      <UniqueIdentifier>{1e99d770-5c12-4515-9c62-4029574580f3}</UniqueIdentifier>
    </Filter>
    <Filter Include="UI\ItemPlaced\EmptyRect">
      <UniqueIdentifier>{6c844b8a-ce96-4cc3-b29e-0bedafbb137a}</UniqueIdentifier>
    </Filter>
    <Filter Include="Objects\TileAffectOverlay">
      <UniqueIdentifier>{2ca29e00-20e9-4eb0-baa2-45c4019fef16}</UniqueIdentifier>
    </Filter>
    <Filter Include="Script\AffectOverlayScript">
      <UniqueIdentifier>{0bbdeeaa-c947-4874-aa49-9f1826745340}</UniqueIdentifier>
    </Filter>
    <Filter Include="SkillIndicator">
      <UniqueIdentifier>{08b4a096-0fc7-4a52-951a-c2f4b460c585}</UniqueIdentifier>
    </Filter>
    <Filter Include="Script\TeleportScript">
      <UniqueIdentifier>{653a08da-4879-4a59-993b-07d73561a097}</UniqueIdentifier>
    </Filter>
    <Filter Include="Script\AbnormalScript">
      <UniqueIdentifier>{3208418c-5ddb-453c-a697-cda52a541f4b}</UniqueIdentifier>
    </Filter>
    <Filter Include="Script\BuffScript">
      <UniqueIdentifier>{a8004642-a0e7-4789-b3c9-9dcef3f0ded9}</UniqueIdentifier>
    </Filter>
    <Filter Include="Script\AuraScript">
      <UniqueIdentifier>{95e8eb54-f9fd-4012-9cb8-b50c35d01493}</UniqueIdentifier>
    </Filter>
    <Filter Include="UI\EnemyHpUI">
      <UniqueIdentifier>{86920984-4e6c-4cc9-b0a9-4f7bc51c0f3a}</UniqueIdentifier>
    </Filter>
    <Filter Include="Skill\Summons">
      <UniqueIdentifier>{a78e54b4-5f37-40de-85c9-dc639a258744}</UniqueIdentifier>
    </Filter>
    <Filter Include="Skill\Missile">
      <UniqueIdentifier>{cb121716-093a-4be8-9326-2bc1ca1f9542}</UniqueIdentifier>
    </Filter>
    <Filter Include="Skill\Missile\SkillWall">
      <UniqueIdentifier>{cfab5bbc-4dbc-478a-8c0f-0457fd15635d}</UniqueIdentifier>
    </Filter>
    <Filter Include="Skill\Missile\SkillStraight">
      <UniqueIdentifier>{455f21af-c08e-4f6f-a6df-396416800f35}</UniqueIdentifier>
    </Filter>
    <Filter Include="Skill\Missile\SkillOrb">
      <UniqueIdentifier>{e8331bc0-4f49-4ab0-9c98-2ca3dc210ef4}</UniqueIdentifier>
    </Filter>
    <Filter Include="Skill\Missile\SkillMultiFire">
      <UniqueIdentifier>{89c4e53a-2790-4d6b-83b1-8c1624c4ac4e}</UniqueIdentifier>
    </Filter>
    <Filter Include="Skill\Missile\SkillMMultiFire">
      <UniqueIdentifier>{38f9c396-95f9-4e47-bac7-b80277a48296}</UniqueIdentifier>
    </Filter>
    <Filter Include="Skill\Missile\SkillFollower">
      <UniqueIdentifier>{f59976c5-586c-4ba7-aa36-5a372f516f4c}</UniqueIdentifier>
    </Filter>
    <Filter Include="Skill\Missile\SkillFallExplosion">
      <UniqueIdentifier>{a01b8847-401e-46a1-986b-6b18421b62e7}</UniqueIdentifier>
    </Filter>
    <Filter Include="Skill\Missile\SkillFall">
      <UniqueIdentifier>{d252afbc-3062-4e5c-bcf7-57220926d4f5}</UniqueIdentifier>
    </Filter>
    <Filter Include="Skill\Missile\SkillCurve">
      <UniqueIdentifier>{2a35cf6e-0e54-4675-bbb2-e15106ea60a4}</UniqueIdentifier>
    </Filter>
    <Filter Include="Skill\Missile\SkillBuff">
      <UniqueIdentifier>{1acd69a6-2ab1-426d-a081-f4c9be1986aa}</UniqueIdentifier>
    </Filter>
    <Filter Include="Skill\Missile\SkillAura">
      <UniqueIdentifier>{de14fa07-25e2-4764-bc9a-b92f5185b11b}</UniqueIdentifier>
    </Filter>
    <Filter Include="Skill\Missile\SkillAbnormal">
      <UniqueIdentifier>{47700f98-c623-4b16-b1ef-4a894c21ce84}</UniqueIdentifier>
    </Filter>
    <Filter Include="Script\SummonsScript">
      <UniqueIdentifier>{b3f2275f-d04a-43fc-a436-6dbfa0f0ad4c}</UniqueIdentifier>
    </Filter>
    <Filter Include="Skill\Summons\SkillSummons">
      <UniqueIdentifier>{ff806b21-338e-4fe4-be7a-3e2a33a6f891}</UniqueIdentifier>
    </Filter>
    <Filter Include="Overlay">
      <UniqueIdentifier>{cbd15f31-480e-4fba-bc6b-f6ddbed80034}</UniqueIdentifier>
    </Filter>
    <Filter Include="Skill\Summons\SkillMultiSummons">
      <UniqueIdentifier>{22ab498d-c903-42b1-ae60-31ca9603b9e1}</UniqueIdentifier>
    </Filter>
    <Filter Include="Script\OverlayScript">
      <UniqueIdentifier>{43b44813-8a66-4252-9fb3-ca55f6aa8ed8}</UniqueIdentifier>
    </Filter>
    <Filter Include="Skill\Missile\SkillFollowing">
      <UniqueIdentifier>{276b0dc7-b118-411e-9fcb-e697ff8dd0ac}</UniqueIdentifier>
    </Filter>
    <Filter Include="Skill\Click">
      <UniqueIdentifier>{0e8fd83c-8fac-4471-ab10-bfaa3ccdd58c}</UniqueIdentifier>
    </Filter>
    <Filter Include="Skill\Click\SkillPush">
      <UniqueIdentifier>{3ccc8b82-0657-4dbb-9924-c2a8ce553226}</UniqueIdentifier>
    </Filter>
    <Filter Include="Skill\Range">
      <UniqueIdentifier>{e463d968-cc75-49cf-b583-06876f0acc8f}</UniqueIdentifier>
    </Filter>
    <Filter Include="Skill\Range\SkillRange">
      <UniqueIdentifier>{a90097fe-4a32-4c7e-84d4-48d0c89248de}</UniqueIdentifier>
    </Filter>
    <Filter Include="Script\RangeScript">
      <UniqueIdentifier>{3116ea38-9d8a-4aed-b3d0-930895c352cf}</UniqueIdentifier>
    </Filter>
    <Filter Include="Skill\Missile\SkillChain">
      <UniqueIdentifier>{127cfcec-4e33-4e43-9f15-3194ad08c683}</UniqueIdentifier>
    </Filter>
    <Filter Include="Script\ChainScript">
      <UniqueIdentifier>{9f58b3a5-7adb-472a-ad45-5a5a5b33e548}</UniqueIdentifier>
    </Filter>
    <Filter Include="Objects\NPC">
      <UniqueIdentifier>{92580d79-bf47-493b-a76a-cc0313e59058}</UniqueIdentifier>
    </Filter>
    <Filter Include="Script\NPCScript">
      <UniqueIdentifier>{ff8b7e21-9257-4d05-9436-f3e27a9207b2}</UniqueIdentifier>
    </Filter>
    <Filter Include="UI\ItemPlaced\Shop">
      <UniqueIdentifier>{8f77e296-b61e-4b21-8413-23add9d54a5e}</UniqueIdentifier>
    </Filter>
    <Filter Include="UI\InteractUI">
      <UniqueIdentifier>{36a4c193-e9af-4683-87af-6c0556a5c000}</UniqueIdentifier>
    </Filter>
    <Filter Include="Objects\LightObject">
      <UniqueIdentifier>{105fd7f3-fed4-4133-90f2-a63fa0ec476d}</UniqueIdentifier>
    </Filter>
    <Filter Include="Objects\ShadowObject">
      <UniqueIdentifier>{629ab0d1-591e-4c74-a941-ae7c9d5399a3}</UniqueIdentifier>
    </Filter>
    <Filter Include="Objects\Portal">
      <UniqueIdentifier>{0dcf5fca-4ea5-415f-b96f-e29b41269ea1}</UniqueIdentifier>
    </Filter>
    <Filter Include="Script\PortalScript">
      <UniqueIdentifier>{4bdf6521-877e-4ba9-8d9a-ed568fa72678}</UniqueIdentifier>
    </Filter>
    <Filter Include="Objects\Wall">
      <UniqueIdentifier>{af07ca35-daa6-4437-9219-eddd3768d782}</UniqueIdentifier>
    </Filter>
    <Filter Include="Script\WallScript">
      <UniqueIdentifier>{c7c75c6b-48c0-4203-98b9-dde24e77cbd3}</UniqueIdentifier>
    </Filter>
    <Filter Include="Objects\Floor">
      <UniqueIdentifier>{961cfd2f-611c-495c-ab29-a308aca10694}</UniqueIdentifier>
    </Filter>
    <Filter Include="Objects\Torch">
      <UniqueIdentifier>{90f31ced-cf3d-4828-a554-41e1e0b14298}</UniqueIdentifier>
    </Filter>
    <Filter Include="Script\TorchScript">
      <UniqueIdentifier>{5a70c2e5-82a7-419f-9edf-96e3f449daa2}</UniqueIdentifier>
    </Filter>
    <Filter Include="BodyParts">
      <UniqueIdentifier>{9669c0c5-8a69-453b-9c14-5797ad9c7e7c}</UniqueIdentifier>
    </Filter>
    <Filter Include="BodyParts\Hand">
      <UniqueIdentifier>{c5b4d92f-0ff7-48be-b084-b8059aa32fff}</UniqueIdentifier>
    </Filter>
    <Filter Include="BodyParts\Hand\PlayerHand">
      <UniqueIdentifier>{0877c8c6-dae7-4c31-b6d4-1ea72bcf39dd}</UniqueIdentifier>
    </Filter>
    <Filter Include="BodyParts\Hand\MonsterHand">
      <UniqueIdentifier>{66e1b167-9da1-4fd8-96fd-a7eef6cc9e5d}</UniqueIdentifier>
    </Filter>
    <Filter Include="UI\CharacterStatus">
      <UniqueIdentifier>{2026225e-35fa-4e43-869f-6905fbbf2f59}</UniqueIdentifier>
    </Filter>
    <Filter Include="Script\PotionScript">
      <UniqueIdentifier>{118d517c-507f-40cc-896d-b320bb78e071}</UniqueIdentifier>
    </Filter>
  </ItemGroup>
</Project>