<?xml version="1.0" encoding="utf-8"?>
<Project ToolsVersion="4.0" xmlns="http://schemas.microsoft.com/developer/msbuild/2003">
  <ItemGroup>
    <Filter Include="Common">
      <UniqueIdentifier>{f4349e97-7454-422c-9a4e-b16024fb652a}</UniqueIdentifier>
    </Filter>
    <Filter Include="Graphics">
      <UniqueIdentifier>{7cd4ffb4-3981-4b9c-b270-9ed96fb71381}</UniqueIdentifier>
    </Filter>
    <Filter Include="High Level Interface">
      <UniqueIdentifier>{b9cc7ba7-ad15-4605-8b1c-c7c87a92884a}</UniqueIdentifier>
    </Filter>
    <Filter Include="Input">
      <UniqueIdentifier>{99dc2561-bcbb-44f3-9f19-c2947f892c2e}</UniqueIdentifier>
    </Filter>
    <Filter Include="Resources">
      <UniqueIdentifier>{b0452ee8-cefd-4c1f-b234-effd0b71e283}</UniqueIdentifier>
    </Filter>
    <Filter Include="Resources\Resource">
      <UniqueIdentifier>{c0a5a99e-f750-4e81-9ced-fa9224f19d6a}</UniqueIdentifier>
    </Filter>
    <Filter Include="Common\Math">
      <UniqueIdentifier>{a9ff588f-d08f-4b5a-ab2e-222cbc072eca}</UniqueIdentifier>
    </Filter>
    <Filter Include="Common\Time">
      <UniqueIdentifier>{92ccfb63-914a-4190-9d33-e5fbf594b365}</UniqueIdentifier>
    </Filter>
    <Filter Include="Common\Entity">
      <UniqueIdentifier>{dbdf6c7e-2e3f-4c08-9f39-932a73e65a08}</UniqueIdentifier>
    </Filter>
    <Filter Include="GameObject">
      <UniqueIdentifier>{134fc788-023f-4b8c-a059-02a9bcb370eb}</UniqueIdentifier>
    </Filter>
    <Filter Include="GameObject\Component">
      <UniqueIdentifier>{0df3dfa9-f784-4dbb-9411-d5e874175f05}</UniqueIdentifier>
    </Filter>
    <Filter Include="Scene">
      <UniqueIdentifier>{b7514553-9b8a-4e02-98c4-69ae000e90b1}</UniqueIdentifier>
    </Filter>
    <Filter Include="Scene\Layer">
      <UniqueIdentifier>{4f844798-6bba-4ecd-ba8b-6f0d66df0f30}</UniqueIdentifier>
    </Filter>
    <Filter Include="Script">
      <UniqueIdentifier>{d8166686-f955-4502-b52b-26cd1e5dbca0}</UniqueIdentifier>
    </Filter>
    <Filter Include="Manager">
      <UniqueIdentifier>{b93bd2f9-5bcd-4588-a00d-790acf7fbd92}</UniqueIdentifier>
    </Filter>
    <Filter Include="UI">
      <UniqueIdentifier>{3e2c6742-6a99-4425-a4ac-e219a1acf00e}</UniqueIdentifier>
    </Filter>
    <Filter Include="GameObject\Component\Camera">
      <UniqueIdentifier>{83812eaf-3ef8-4275-b1b9-bf53c537a0c9}</UniqueIdentifier>
    </Filter>
    <Filter Include="GameObject\Component\MeshRenderer">
      <UniqueIdentifier>{2d3d8354-259f-4c9f-9bae-d496bf2becfd}</UniqueIdentifier>
    </Filter>
    <Filter Include="GameObject\Component\Transform">
      <UniqueIdentifier>{82ab5a5e-8bfb-4bd0-adca-bceefe7e8abf}</UniqueIdentifier>
    </Filter>
    <Filter Include="GameObject\Component\Collider">
      <UniqueIdentifier>{ea47ef6f-4836-4cf1-b8c3-bcc0687f768c}</UniqueIdentifier>
    </Filter>
    <Filter Include="Manager\CollisionManager">
      <UniqueIdentifier>{b64f8ed7-fd32-412d-9b08-da4c609a0669}</UniqueIdentifier>
    </Filter>
    <Filter Include="Manager\MouseManager">
      <UniqueIdentifier>{329da398-4eea-4e32-af1c-1b3fa94aaf00}</UniqueIdentifier>
    </Filter>
    <Filter Include="Manager\SceneManager">
      <UniqueIdentifier>{298d7060-a8c5-4719-950a-86b155ea6d2e}</UniqueIdentifier>
    </Filter>
    <Filter Include="Resources\Resource\Material">
      <UniqueIdentifier>{c816c735-320e-4f4d-b69c-b5160cf655c0}</UniqueIdentifier>
    </Filter>
    <Filter Include="Resources\Resource\Mesh">
      <UniqueIdentifier>{b34ecede-aedb-410b-837b-b182026167c1}</UniqueIdentifier>
    </Filter>
    <Filter Include="Resources\Resource\Texture">
      <UniqueIdentifier>{8176868a-9e71-4c21-bb14-4c1bc6e52db5}</UniqueIdentifier>
    </Filter>
    <Filter Include="Resources\Resource\Animation">
      <UniqueIdentifier>{f4c34feb-3a3e-4b9d-98b1-2f62bdcdaa28}</UniqueIdentifier>
    </Filter>
    <Filter Include="GameObject\Component\Animator">
      <UniqueIdentifier>{d2f155f4-e152-4885-acaa-79649d4c9cf0}</UniqueIdentifier>
    </Filter>
    <Filter Include="Graphics\ConstantBuffer">
      <UniqueIdentifier>{80f794ab-a62e-4b35-b759-b94bb68e44f6}</UniqueIdentifier>
    </Filter>
    <Filter Include="Graphics\Renderer">
      <UniqueIdentifier>{e8cd7f1a-1819-47ef-8b7b-9e84449a4b3b}</UniqueIdentifier>
    </Filter>
    <Filter Include="Graphics\Shader">
      <UniqueIdentifier>{55d3e8a5-d3c4-4721-a07f-36e6c333e491}</UniqueIdentifier>
    </Filter>
    <Filter Include="Resources\Resource\ComputeShader">
      <UniqueIdentifier>{ace3d862-a0f0-440a-8b9a-ec473c08afe7}</UniqueIdentifier>
    </Filter>
    <Filter Include="GameObject\Component\Light">
      <UniqueIdentifier>{63de8a78-e039-4136-b6eb-d00815379f9c}</UniqueIdentifier>
    </Filter>
    <Filter Include="Graphics\StructedBuffer">
      <UniqueIdentifier>{9ab7a41a-2e01-4625-919f-0702e988d3f2}</UniqueIdentifier>
    </Filter>
    <Filter Include="Manager\PathFindManager">
      <UniqueIdentifier>{a44f8b18-831c-4dcc-83e6-566b55ae265a}</UniqueIdentifier>
    </Filter>
    <Filter Include="Manager\PathFindManager\Astar">
      <UniqueIdentifier>{afb784f0-5e5d-453c-9b9d-94ae26c23c3c}</UniqueIdentifier>
    </Filter>
    <Filter Include="Manager\TileManager">
      <UniqueIdentifier>{1cfa52b2-0d5d-459d-9e6b-06b0a433510c}</UniqueIdentifier>
    </Filter>
    <Filter Include="Resources\Resource\PaintShader">
      <UniqueIdentifier>{48e7aa5b-f2b5-49d0-a9d3-e644c6b9ea64}</UniqueIdentifier>
    </Filter>
    <Filter Include="Graphics\ParticleSystem">
      <UniqueIdentifier>{9f5ec9e3-d455-412b-bcac-f53fe732d1fa}</UniqueIdentifier>
    </Filter>
    <Filter Include="Manager\MonsterManager">
      <UniqueIdentifier>{41ffbdbe-247c-497f-9451-362e00e261ab}</UniqueIdentifier>
    </Filter>
    <Filter Include="GameObject\Component\ParticleSystem">
      <UniqueIdentifier>{bde62044-036a-4f88-9c3e-963a7be9d9fb}</UniqueIdentifier>
    </Filter>
    <Filter Include="Manager\SkillManager">
      <UniqueIdentifier>{b69ae955-b702-4e86-ac22-f5506fddb418}</UniqueIdentifier>
    </Filter>
  </ItemGroup>
  <ItemGroup>
    <ClInclude Include="$(MSBuildThisFileDirectory)Commoninclude.h">
      <Filter>Common</Filter>
    </ClInclude>
    <ClInclude Include="$(MSBuildThisFileDirectory)_Engine.h">
      <Filter>Common</Filter>
    </ClInclude>
    <ClInclude Include="$(MSBuildThisFileDirectory)mApplication.h">
      <Filter>High Level Interface</Filter>
    </ClInclude>
    <ClInclude Include="$(MSBuildThisFileDirectory)mResources.h">
      <Filter>Resources</Filter>
    </ClInclude>
    <ClInclude Include="$(MSBuildThisFileDirectory)mGraphics.h">
      <Filter>Graphics</Filter>
    </ClInclude>
    <ClInclude Include="$(MSBuildThisFileDirectory)mEntity.h">
      <Filter>Common\Entity</Filter>
    </ClInclude>
    <ClInclude Include="$(MSBuildThisFileDirectory)mInput.h">
      <Filter>Input</Filter>
    </ClInclude>
    <ClInclude Include="$(MSBuildThisFileDirectory)mGraphicDevice_DX11.h">
      <Filter>Graphics</Filter>
    </ClInclude>
    <ClInclude Include="$(MSBuildThisFileDirectory)mMath.h">
      <Filter>Common\Math</Filter>
    </ClInclude>
    <ClInclude Include="$(MSBuildThisFileDirectory)mEnums.h">
      <Filter>Common</Filter>
    </ClInclude>
    <ClInclude Include="$(MSBuildThisFileDirectory)mTime.h">
      <Filter>Common\Time</Filter>
    </ClInclude>
    <ClInclude Include="$(MSBuildThisFileDirectory)mGameObject.h">
      <Filter>GameObject</Filter>
    </ClInclude>
    <ClInclude Include="$(MSBuildThisFileDirectory)mComponent.h">
      <Filter>GameObject\Component</Filter>
    </ClInclude>
    <ClInclude Include="$(MSBuildThisFileDirectory)mScene.h">
      <Filter>Scene</Filter>
    </ClInclude>
    <ClInclude Include="$(MSBuildThisFileDirectory)mLayer.h">
      <Filter>Scene\Layer</Filter>
    </ClInclude>
    <ClInclude Include="$(MSBuildThisFileDirectory)mScript.h">
      <Filter>Script</Filter>
    </ClInclude>
    <ClInclude Include="$(MSBuildThisFileDirectory)mFontWrapper.h" />
    <ClInclude Include="$(MSBuildThisFileDirectory)SystemDefine.h">
      <Filter>Common</Filter>
    </ClInclude>
    <ClInclude Include="$(MSBuildThisFileDirectory)mObject.h">
      <Filter>Common</Filter>
    </ClInclude>
    <ClInclude Include="$(MSBuildThisFileDirectory)ItemLookUpTables.h">
      <Filter>Common</Filter>
    </ClInclude>
    <ClInclude Include="$(MSBuildThisFileDirectory)mUI.h">
      <Filter>UI</Filter>
    </ClInclude>
    <ClInclude Include="$(MSBuildThisFileDirectory)SkillLookUpTables.h">
      <Filter>Common</Filter>
    </ClInclude>
    <ClInclude Include="$(MSBuildThisFileDirectory)mCamera.h">
      <Filter>GameObject\Component\Camera</Filter>
    </ClInclude>
    <ClInclude Include="$(MSBuildThisFileDirectory)mMeshRenderer.h">
      <Filter>GameObject\Component\MeshRenderer</Filter>
    </ClInclude>
    <ClInclude Include="$(MSBuildThisFileDirectory)mTransform.h">
      <Filter>GameObject\Component\Transform</Filter>
    </ClInclude>
    <ClInclude Include="$(MSBuildThisFileDirectory)mCollider2D.h">
      <Filter>GameObject\Component\Collider</Filter>
    </ClInclude>
    <ClInclude Include="$(MSBuildThisFileDirectory)mCollisionManager.h">
      <Filter>Manager\CollisionManager</Filter>
    </ClInclude>
    <ClInclude Include="$(MSBuildThisFileDirectory)mMouseManager.h">
      <Filter>Manager\MouseManager</Filter>
    </ClInclude>
    <ClInclude Include="$(MSBuildThisFileDirectory)mSceneManager.h">
      <Filter>Manager\SceneManager</Filter>
    </ClInclude>
    <ClInclude Include="$(MSBuildThisFileDirectory)mMaterial.h">
      <Filter>Resources\Resource\Material</Filter>
    </ClInclude>
    <ClInclude Include="$(MSBuildThisFileDirectory)mMesh.h">
      <Filter>Resources\Resource\Mesh</Filter>
    </ClInclude>
    <ClInclude Include="$(MSBuildThisFileDirectory)mTexture.h">
      <Filter>Resources\Resource\Texture</Filter>
    </ClInclude>
    <ClInclude Include="$(MSBuildThisFileDirectory)mResource.h">
      <Filter>Resources\Resource</Filter>
    </ClInclude>
    <ClInclude Include="$(MSBuildThisFileDirectory)mAnimator.h">
      <Filter>GameObject\Component\Animator</Filter>
    </ClInclude>
    <ClInclude Include="$(MSBuildThisFileDirectory)mAnimation.h">
      <Filter>Resources\Resource\Animation</Filter>
    </ClInclude>
    <ClInclude Include="$(MSBuildThisFileDirectory)AnimLookUpTables.h">
      <Filter>Common</Filter>
    </ClInclude>
    <ClInclude Include="$(MSBuildThisFileDirectory)mConstantBuffer.h">
      <Filter>Graphics\ConstantBuffer</Filter>
    </ClInclude>
    <ClInclude Include="$(MSBuildThisFileDirectory)mRenderer.h">
      <Filter>Graphics\Renderer</Filter>
    </ClInclude>
    <ClInclude Include="$(MSBuildThisFileDirectory)mShader.h">
      <Filter>Graphics\Shader</Filter>
    </ClInclude>
    <ClInclude Include="$(MSBuildThisFileDirectory)mComputeShader.h">
      <Filter>Resources\Resource\ComputeShader</Filter>
    </ClInclude>
    <ClInclude Include="$(MSBuildThisFileDirectory)mLight.h">
      <Filter>GameObject\Component\Light</Filter>
    </ClInclude>
    <ClInclude Include="$(MSBuildThisFileDirectory)mStructedBuffer.h">
      <Filter>Graphics\StructedBuffer</Filter>
    </ClInclude>
    <ClInclude Include="$(MSBuildThisFileDirectory)mAstar.h">
      <Filter>Manager\PathFindManager\Astar</Filter>
    </ClInclude>
    <ClInclude Include="$(MSBuildThisFileDirectory)mTileManager.h">
      <Filter>Manager\TileManager</Filter>
    </ClInclude>
    <ClInclude Include="$(MSBuildThisFileDirectory)mPaintShader.h">
      <Filter>Resources\Resource\PaintShader</Filter>
    </ClInclude>
    <ClInclude Include="$(MSBuildThisFileDirectory)mMonsterManager.h">
      <Filter>Manager\MonsterManager</Filter>
    </ClInclude>
    <ClInclude Include="$(MSBuildThisFileDirectory)mParticleSystem.h">
      <Filter>GameObject\Component\ParticleSystem</Filter>
    </ClInclude>
    <ClInclude Include="$(MSBuildThisFileDirectory)mSkillManager.h" />
  </ItemGroup>
  <ItemGroup>
    <ClCompile Include="$(MSBuildThisFileDirectory)mApplication.cpp">
      <Filter>High Level Interface</Filter>
    </ClCompile>
    <ClCompile Include="$(MSBuildThisFileDirectory)mResources.cpp">
      <Filter>Resources</Filter>
    </ClCompile>
    <ClCompile Include="$(MSBuildThisFileDirectory)mEntity.cpp">
      <Filter>Common\Entity</Filter>
    </ClCompile>
    <ClCompile Include="$(MSBuildThisFileDirectory)mInput.cpp">
      <Filter>Input</Filter>
    </ClCompile>
    <ClCompile Include="$(MSBuildThisFileDirectory)mGraphicDevice_DX11.cpp">
      <Filter>Graphics</Filter>
    </ClCompile>
    <ClCompile Include="$(MSBuildThisFileDirectory)mMath.cpp">
      <Filter>Common\Math</Filter>
    </ClCompile>
    <ClCompile Include="$(MSBuildThisFileDirectory)mTime.cpp">
      <Filter>Common\Time</Filter>
    </ClCompile>
    <ClCompile Include="$(MSBuildThisFileDirectory)mGameObject.cpp">
      <Filter>GameObject</Filter>
    </ClCompile>
    <ClCompile Include="$(MSBuildThisFileDirectory)mComponent.cpp">
      <Filter>GameObject\Component</Filter>
    </ClCompile>
    <ClCompile Include="$(MSBuildThisFileDirectory)mScene.cpp">
      <Filter>Scene</Filter>
    </ClCompile>
    <ClCompile Include="$(MSBuildThisFileDirectory)mLayer.cpp">
      <Filter>Scene\Layer</Filter>
    </ClCompile>
    <ClCompile Include="$(MSBuildThisFileDirectory)mScript.cpp">
      <Filter>Script</Filter>
    </ClCompile>
    <ClCompile Include="$(MSBuildThisFileDirectory)mFontWrapper.cpp" />
    <ClCompile Include="$(MSBuildThisFileDirectory)mUI.cpp">
      <Filter>UI</Filter>
    </ClCompile>
    <ClCompile Include="$(MSBuildThisFileDirectory)mCamera.cpp">
      <Filter>GameObject\Component\Camera</Filter>
    </ClCompile>
    <ClCompile Include="$(MSBuildThisFileDirectory)mMeshRenderer.cpp">
      <Filter>GameObject\Component\MeshRenderer</Filter>
    </ClCompile>
    <ClCompile Include="$(MSBuildThisFileDirectory)mTransform.cpp">
      <Filter>GameObject\Component\Transform</Filter>
    </ClCompile>
    <ClCompile Include="$(MSBuildThisFileDirectory)mCollider2D.cpp">
      <Filter>GameObject\Component\Collider</Filter>
    </ClCompile>
    <ClCompile Include="$(MSBuildThisFileDirectory)mCollisionManager.cpp">
      <Filter>Manager\CollisionManager</Filter>
    </ClCompile>
    <ClCompile Include="$(MSBuildThisFileDirectory)mMouseManager.cpp">
      <Filter>Manager\MouseManager</Filter>
    </ClCompile>
    <ClCompile Include="$(MSBuildThisFileDirectory)mSceneManager.cpp">
      <Filter>Manager\SceneManager</Filter>
    </ClCompile>
    <ClCompile Include="$(MSBuildThisFileDirectory)mMaterial.cpp">
      <Filter>Resources\Resource\Material</Filter>
    </ClCompile>
    <ClCompile Include="$(MSBuildThisFileDirectory)mMesh.cpp">
      <Filter>Resources\Resource\Mesh</Filter>
    </ClCompile>
    <ClCompile Include="$(MSBuildThisFileDirectory)mTexture.cpp">
      <Filter>Resources\Resource\Texture</Filter>
    </ClCompile>
    <ClCompile Include="$(MSBuildThisFileDirectory)mResource.cpp">
      <Filter>Resources\Resource</Filter>
    </ClCompile>
    <ClCompile Include="$(MSBuildThisFileDirectory)mAnimator.cpp">
      <Filter>GameObject\Component\Animator</Filter>
    </ClCompile>
    <ClCompile Include="$(MSBuildThisFileDirectory)mAnimation.cpp">
      <Filter>Resources\Resource\Animation</Filter>
    </ClCompile>
    <ClCompile Include="$(MSBuildThisFileDirectory)mConstantBuffer.cpp">
      <Filter>Graphics\ConstantBuffer</Filter>
    </ClCompile>
    <ClCompile Include="$(MSBuildThisFileDirectory)mRenderer.cpp">
      <Filter>Graphics\Renderer</Filter>
    </ClCompile>
    <ClCompile Include="$(MSBuildThisFileDirectory)mShader.cpp">
      <Filter>Graphics\Shader</Filter>
    </ClCompile>
    <ClCompile Include="$(MSBuildThisFileDirectory)mComputeShader.cpp">
      <Filter>Resources\Resource\ComputeShader</Filter>
    </ClCompile>
    <ClCompile Include="$(MSBuildThisFileDirectory)mLight.cpp">
      <Filter>GameObject\Component\Light</Filter>
    </ClCompile>
    <ClCompile Include="$(MSBuildThisFileDirectory)mStructedBuffer.cpp">
      <Filter>Graphics\StructedBuffer</Filter>
    </ClCompile>
    <ClCompile Include="$(MSBuildThisFileDirectory)mAstar.cpp">
      <Filter>Manager\PathFindManager\Astar</Filter>
    </ClCompile>
    <ClCompile Include="$(MSBuildThisFileDirectory)mTileManager.cpp">
      <Filter>Manager\TileManager</Filter>
    </ClCompile>
    <ClCompile Include="$(MSBuildThisFileDirectory)mPaintShader.cpp">
      <Filter>Resources\Resource\PaintShader</Filter>
    </ClCompile>
    <ClCompile Include="$(MSBuildThisFileDirectory)mMonsterManager.cpp">
      <Filter>Manager\MonsterManager</Filter>
    </ClCompile>
    <ClCompile Include="$(MSBuildThisFileDirectory)mParticleSystem.cpp">
      <Filter>GameObject\Component\ParticleSystem</Filter>
    </ClCompile>
    <ClCompile Include="$(MSBuildThisFileDirectory)mSkillManager.cpp" />
  </ItemGroup>
  <ItemGroup>
    <None Include="$(MSBuildThisFileDirectory)mMath.inl">
      <Filter>Common\Math</Filter>
    </None>
  </ItemGroup>
</Project>